
Microsoft Visual Studio Solution File, Format Version 12.00
# Visual Studio Version 17
VisualStudioVersion = 17.3.32922.545
MinimumVisualStudioVersion = 10.0.40219.1
Project("{9A19103F-16F7-4668-BE54-9A1E7A4F7556}") = "POCProjectAPI", "POCProjectAPI\POCProjectAPI.csproj", "{99B61AB9-C2BF-4ACB-90DA-3D2FF81B4345}"
EndProject
Project("{2150E333-8FDC-42A3-9474-1A3956D46DE8}") = "1- Application", "1- Application", "{D5965CFB-C2BA-493C-99CA-D28DA2C238E9}"
EndProject
Project("{2150E333-8FDC-42A3-9474-1A3956D46DE8}") = "2 - Services", "2 - Services", "{05C8D46A-CA51-48BB-80BA-5D3BA2B25CB8}"
EndProject
Project("{2150E333-8FDC-42A3-9474-1A3956D46DE8}") = "3 - Domain", "3 - Domain", "{CA9E5C32-479D-4D4F-956B-934FFA87EBA1}"
EndProject
Project("{2150E333-8FDC-42A3-9474-1A3956D46DE8}") = "4 - Infra", "4 - Infra", "{F58ECDA0-70DD-4DD2-A5FE-291404A11064}"
EndProject
Project("{9A19103F-16F7-4668-BE54-9A1E7A4F7556}") = "POCProjectAPI.Domain", "POCProjectAPI.Domain\POCProjectAPI.Domain.csproj", "{381FD085-D676-42D0-AB40-584E7884FB30}"
EndProject
Project("{2150E333-8FDC-42A3-9474-1A3956D46DE8}") = "4.1 - Data", "4.1 - Data", "{B2A414F9-F9BB-45C9-AE24-4F1BBBC14CFC}"
EndProject
Project("{9A19103F-16F7-4668-BE54-9A1E7A4F7556}") = "POCProjectAPI.Infra.Data", "POCProjectAPI.Infra.Data\POCProjectAPI.Infra.Data.csproj", "{47B61EAF-9BDD-40CF-8110-FE9393B6C455}"
EndProject
Project("{2150E333-8FDC-42A3-9474-1A3956D46DE8}") = "4.2 - CrossCutting", "4.2 - CrossCutting", "{CAD16236-ACBF-4699-A03A-73EEBBC5E65D}"
EndProject
Project("{9A19103F-16F7-4668-BE54-9A1E7A4F7556}") = "POCProjectAPI.Infra.CrossCutting.IoC", "POCProjectAPI.Infra.CrossCutting\POCProjectAPI.Infra.CrossCutting.IoC.csproj", "{20CC0514-80A4-4065-96DF-2D801F8B3608}"
EndProject
Project("{FAE04EC0-301F-11D3-BF4B-00C04F79EFBC}") = "POCProjectAPI.Services", "POCProjectAPI.Services\POCProjectAPI.Services.csproj", "{A7C2A5C6-E00A-4545-B74F-3CC86F5516EA}"
EndProject
Global
	GlobalSection(SolutionConfigurationPlatforms) = preSolution
		Debug|Any CPU = Debug|Any CPU
		Release|Any CPU = Release|Any CPU
	EndGlobalSection
	GlobalSection(ProjectConfigurationPlatforms) = postSolution
		{99B61AB9-C2BF-4ACB-90DA-3D2FF81B4345}.Debug|Any CPU.ActiveCfg = Debug|Any CPU
		{99B61AB9-C2BF-4ACB-90DA-3D2FF81B4345}.Debug|Any CPU.Build.0 = Debug|Any CPU
		{99B61AB9-C2BF-4ACB-90DA-3D2FF81B4345}.Release|Any CPU.ActiveCfg = Release|Any CPU
		{99B61AB9-C2BF-4ACB-90DA-3D2FF81B4345}.Release|Any CPU.Build.0 = Release|Any CPU
		{381FD085-D676-42D0-AB40-584E7884FB30}.Debug|Any CPU.ActiveCfg = Debug|Any CPU
		{381FD085-D676-42D0-AB40-584E7884FB30}.Debug|Any CPU.Build.0 = Debug|Any CPU
		{381FD085-D676-42D0-AB40-584E7884FB30}.Release|Any CPU.ActiveCfg = Release|Any CPU
		{381FD085-D676-42D0-AB40-584E7884FB30}.Release|Any CPU.Build.0 = Release|Any CPU
		{47B61EAF-9BDD-40CF-8110-FE9393B6C455}.Debug|Any CPU.ActiveCfg = Debug|Any CPU
		{47B61EAF-9BDD-40CF-8110-FE9393B6C455}.Debug|Any CPU.Build.0 = Debug|Any CPU
		{47B61EAF-9BDD-40CF-8110-FE9393B6C455}.Release|Any CPU.ActiveCfg = Release|Any CPU
		{47B61EAF-9BDD-40CF-8110-FE9393B6C455}.Release|Any CPU.Build.0 = Release|Any CPU
		{20CC0514-80A4-4065-96DF-2D801F8B3608}.Debug|Any CPU.ActiveCfg = Debug|Any CPU
		{20CC0514-80A4-4065-96DF-2D801F8B3608}.Debug|Any CPU.Build.0 = Debug|Any CPU
		{20CC0514-80A4-4065-96DF-2D801F8B3608}.Release|Any CPU.ActiveCfg = Release|Any CPU
		{20CC0514-80A4-4065-96DF-2D801F8B3608}.Release|Any CPU.Build.0 = Release|Any CPU
		{A7C2A5C6-E00A-4545-B74F-3CC86F5516EA}.Debug|Any CPU.ActiveCfg = Debug|Any CPU
		{A7C2A5C6-E00A-4545-B74F-3CC86F5516EA}.Debug|Any CPU.Build.0 = Debug|Any CPU
		{A7C2A5C6-E00A-4545-B74F-3CC86F5516EA}.Release|Any CPU.ActiveCfg = Release|Any CPU
		{A7C2A5C6-E00A-4545-B74F-3CC86F5516EA}.Release|Any CPU.Build.0 = Release|Any CPU
	EndGlobalSection
	GlobalSection(SolutionProperties) = preSolution
		HideSolutionNode = FALSE
	EndGlobalSection
	GlobalSection(NestedProjects) = preSolution
		{99B61AB9-C2BF-4ACB-90DA-3D2FF81B4345} = {D5965CFB-C2BA-493C-99CA-D28DA2C238E9}
		{381FD085-D676-42D0-AB40-584E7884FB30} = {CA9E5C32-479D-4D4F-956B-934FFA87EBA1}
		{B2A414F9-F9BB-45C9-AE24-4F1BBBC14CFC} = {F58ECDA0-70DD-4DD2-A5FE-291404A11064}
		{47B61EAF-9BDD-40CF-8110-FE9393B6C455} = {B2A414F9-F9BB-45C9-AE24-4F1BBBC14CFC}
		{CAD16236-ACBF-4699-A03A-73EEBBC5E65D} = {F58ECDA0-70DD-4DD2-A5FE-291404A11064}
		{20CC0514-80A4-4065-96DF-2D801F8B3608} = {CAD16236-ACBF-4699-A03A-73EEBBC5E65D}
		{A7C2A5C6-E00A-4545-B74F-3CC86F5516EA} = {05C8D46A-CA51-48BB-80BA-5D3BA2B25CB8}
	EndGlobalSection
	GlobalSection(ExtensibilityGlobals) = postSolution
		SolutionGuid = {C90050DF-0CD7-4892-8D7D-8624465CA4BF}
	EndGlobalSection
EndGlobal
